
Microsoft Visual Studio Solution File, Format Version 12.00
# Visual Studio Version 17
VisualStudioVersion = 17.10.34607.79
MinimumVisualStudioVersion = 10.0.40219.1
Project("{FAE04EC0-301F-11D3-BF4B-00C04F79EFBC}") = "RecordsTuple", "RecordsTuple.csproj", "{32F6BE7D-1FF8-497F-9CD3-E0A1C78C7500}"
EndProject
Project("{FAE04EC0-301F-11D3-BF4B-00C04F79EFBC}") = "Core", "..\Core\Core.csproj", "{C2A59D49-AA64-421F-8FCC-FC155A259830}"
EndProject
Global
	GlobalSection(SolutionConfigurationPlatforms) = preSolution
		Debug|Any CPU = Debug|Any CPU
		Release|Any CPU = Release|Any CPU
	EndGlobalSection
	GlobalSection(ProjectConfigurationPlatforms) = postSolution
		{32F6BE7D-1FF8-497F-9CD3-E0A1C78C7500}.Debug|Any CPU.ActiveCfg = Debug|Any CPU
		{32F6BE7D-1FF8-497F-9CD3-E0A1C78C7500}.Debug|Any CPU.Build.0 = Debug|Any CPU
		{32F6BE7D-1FF8-497F-9CD3-E0A1C78C7500}.Release|Any CPU.ActiveCfg = Release|Any CPU
		{32F6BE7D-1FF8-497F-9CD3-E0A1C78C7500}.Release|Any CPU.Build.0 = Release|Any CPU
		{C2A59D49-AA64-421F-8FCC-FC155A259830}.Debug|Any CPU.ActiveCfg = Debug|Any CPU
		{C2A59D49-AA64-421F-8FCC-FC155A259830}.Debug|Any CPU.Build.0 = Debug|Any CPU
		{C2A59D49-AA64-421F-8FCC-FC155A259830}.Release|Any CPU.ActiveCfg = Release|Any CPU
		{C2A59D49-AA64-421F-8FCC-FC155A259830}.Release|Any CPU.Build.0 = Release|Any CPU
	EndGlobalSection
	GlobalSection(SolutionProperties) = preSolution
		HideSolutionNode = FALSE
	EndGlobalSection
	GlobalSection(ExtensibilityGlobals) = postSolution
		SolutionGuid = {B895E541-CACA-4D15-AA6C-BF9EE2C7B2B7}
	EndGlobalSection
EndGlobal
